github.com/fxtlabs/date v0.0.0-20150819233934-d9ab6e2a88a9 h1:NERIc41aohgojUAgWCCnN5B8dIXZsBo2UC04LR3tbao=
github.com/fxtlabs/date v0.0.0-20150819233934-d9ab6e2a88a9/go.mod h1:UoIEyXCyEJ1Zu3ejiUOSngl9U5Oe9S+qaNiYiUex2nk=
github.com/lib/pq v1.10.7 h1:p7ZhMD+KsSRozJr34udlUrhboJwWAgCg34+/ZZNvZZw=
github.com/lib/pq v1.10.7/go.mod h1:AlVN5x4E4T544tWzH6hKfbfQvm3HdbOxrmggDNAPY9o=
golang.org/x/sys v0.3.0 h1:w8ZOecv6NaNa/zC8944JTU3vz4u6Lagfk4RPQxv92NQ=
golang.org/x/sys v0.3.0/go.mod h1:oPkhp1MJrh7nUepCBck5+mAzfO9JrbApNNgaTdGDITg=
golang.org/x/term v0.3.0 h1:qoo4akIqOcDME5bhc/NgxUdovd6BSS2uMsVjB56q1xI=
golang.org/x/term v0.3.0/go.mod h1:q750SLmJuPmVoN1blW3UFBPREJfb1KmY3vwxfr+nFDA=
